// !$*UTF8*$!
{
	archiveVersion = 1;
	classes = {
	};
	objectVersion = 55;
	objects = {

/* Begin PBXBuildFile section */
		0DDD4078C8F26E1ED03E846B /* Pods_SmallDemo.framework in Frameworks */ = {isa = PBXBuildFile; fileRef = F145E603417FE884058637C1 /* Pods_SmallDemo.framework */; };
		15837338269B350300EB78A8 /* UsersModel.swift in Sources */ = {isa = PBXBuildFile; fileRef = 15837337269B350300EB78A8 /* UsersModel.swift */; };
		1583733B269B36FB00EB78A8 /* APIServices.swift in Sources */ = {isa = PBXBuildFile; fileRef = 1583733A269B36FB00EB78A8 /* APIServices.swift */; };
		1583733D269B3C0600EB78A8 /* UserService.swift in Sources */ = {isa = PBXBuildFile; fileRef = 1583733C269B3C0600EB78A8 /* UserService.swift */; };
		15837341269B429500EB78A8 /* DisplayUsersViewController.swift in Sources */ = {isa = PBXBuildFile; fileRef = 15837340269B429500EB78A8 /* DisplayUsersViewController.swift */; };
		15837343269B42BC00EB78A8 /* UsersViewCell.swift in Sources */ = {isa = PBXBuildFile; fileRef = 15837342269B42BC00EB78A8 /* UsersViewCell.swift */; };
		1583734C269B79F500EB78A8 /* UsersViewModel.swift in Sources */ = {isa = PBXBuildFile; fileRef = 1583734B269B79F500EB78A8 /* UsersViewModel.swift */; };
		15FC7475269B282500761FE3 /* AppDelegate.swift in Sources */ = {isa = PBXBuildFile; fileRef = 15FC7474269B282500761FE3 /* AppDelegate.swift */; };
		15FC7477269B282500761FE3 /* SceneDelegate.swift in Sources */ = {isa = PBXBuildFile; fileRef = 15FC7476269B282500761FE3 /* SceneDelegate.swift */; };
		15FC747E269B282700761FE3 /* Assets.xcassets in Resources */ = {isa = PBXBuildFile; fileRef = 15FC747D269B282700761FE3 /* Assets.xcassets */; };
		15FC7481269B282700761FE3 /* LaunchScreen.storyboard in Resources */ = {isa = PBXBuildFile; fileRef = 15FC747F269B282700761FE3 /* LaunchScreen.storyboard */; };
/* End PBXBuildFile section */

/* Begin PBXFileReference section */
		047E939E483715CD6C455CB9 /* Pods-SmallDemo.debug.xcconfig */ = {isa = PBXFileReference; includeInIndex = 1; lastKnownFileType = text.xcconfig; name = "Pods-SmallDemo.debug.xcconfig"; path = "Target Support Files/Pods-SmallDemo/Pods-SmallDemo.debug.xcconfig"; sourceTree = "<group>"; };
		15837337269B350300EB78A8 /* UsersModel.swift */ = {isa = PBXFileReference; lastKnownFileType = sourcecode.swift; path = UsersModel.swift; sourceTree = "<group>"; };
		1583733A269B36FB00EB78A8 /* APIServices.swift */ = {isa = PBXFileReference; lastKnownFileType = sourcecode.swift; path = APIServices.swift; sourceTree = "<group>"; };
		1583733C269B3C0600EB78A8 /* UserService.swift */ = {isa = PBXFileReference; lastKnownFileType = sourcecode.swift; path = UserService.swift; sourceTree = "<group>"; };
		15837340269B429500EB78A8 /* DisplayUsersViewController.swift */ = {isa = PBXFileReference; lastKnownFileType = sourcecode.swift; path = DisplayUsersViewController.swift; sourceTree = "<group>"; };
		15837342269B42BC00EB78A8 /* UsersViewCell.swift */ = {isa = PBXFileReference; lastKnownFileType = sourcecode.swift; path = UsersViewCell.swift; sourceTree = "<group>"; };
		1583734B269B79F500EB78A8 /* UsersViewModel.swift */ = {isa = PBXFileReference; lastKnownFileType = sourcecode.swift; path = UsersViewModel.swift; sourceTree = "<group>"; };
		15FC7471269B282500761FE3 /* SmallDemo.app */ = {isa = PBXFileReference; explicitFileType = wrapper.application; includeInIndex = 0; path = SmallDemo.app; sourceTree = BUILT_PRODUCTS_DIR; };
		15FC7474269B282500761FE3 /* AppDelegate.swift */ = {isa = PBXFileReference; lastKnownFileType = sourcecode.swift; path = AppDelegate.swift; sourceTree = "<group>"; };
		15FC7476269B282500761FE3 /* SceneDelegate.swift */ = {isa = PBXFileReference; lastKnownFileType = sourcecode.swift; path = SceneDelegate.swift; sourceTree = "<group>"; };
		15FC747D269B282700761FE3 /* Assets.xcassets */ = {isa = PBXFileReference; lastKnownFileType = folder.assetcatalog; path = Assets.xcassets; sourceTree = "<group>"; };
		15FC7480269B282700761FE3 /* Base */ = {isa = PBXFileReference; lastKnownFileType = file.storyboard; name = Base; path = Base.lproj/LaunchScreen.storyboard; sourceTree = "<group>"; };
		15FC7482269B282700761FE3 /* Info.plist */ = {isa = PBXFileReference; lastKnownFileType = text.plist.xml; path = Info.plist; sourceTree = "<group>"; };
		287E91DB61D35BCE3F7FA8DF /* Pods-SmallDemo.release.xcconfig */ = {isa = PBXFileReference; includeInIndex = 1; lastKnownFileType = text.xcconfig; name = "Pods-SmallDemo.release.xcconfig"; path = "Target Support Files/Pods-SmallDemo/Pods-SmallDemo.release.xcconfig"; sourceTree = "<group>"; };
		F145E603417FE884058637C1 /* Pods_SmallDemo.framework */ = {isa = PBXFileReference; explicitFileType = wrapper.framework; includeInIndex = 0; path = Pods_SmallDemo.framework; sourceTree = BUILT_PRODUCTS_DIR; };
/* End PBXFileReference section */

/* Begin PBXFrameworksBuildPhase section */
		15FC746E269B282500761FE3 /* Frameworks */ = {
			isa = PBXFrameworksBuildPhase;
			buildActionMask = 2147483647;
			files = (
				0DDD4078C8F26E1ED03E846B /* Pods_SmallDemo.framework in Frameworks */,
			);
			runOnlyForDeploymentPostprocessing = 0;
		};
/* End PBXFrameworksBuildPhase section */

/* Begin PBXGroup section */
		15837335269B34CB00EB78A8 /* Core */ = {
			isa = PBXGroup;
			children = (
				15FC7474269B282500761FE3 /* AppDelegate.swift */,
				15FC7476269B282500761FE3 /* SceneDelegate.swift */,
			);
			path = Core;
			sourceTree = "<group>";
		};
		15837336269B34D700EB78A8 /* UsersModel */ = {
			isa = PBXGroup;
			children = (
				15837337269B350300EB78A8 /* UsersModel.swift */,
			);
			path = UsersModel;
			sourceTree = "<group>";
		};
		15837339269B36E700EB78A8 /* APIServices */ = {
			isa = PBXGroup;
			children = (
				1583733A269B36FB00EB78A8 /* APIServices.swift */,
			);
			path = APIServices;
			sourceTree = "<group>";
		};
		1583733E269B423A00EB78A8 /* View */ = {
			isa = PBXGroup;
			children = (
				1583733F269B424000EB78A8 /* ViewCell */,
				15837340269B429500EB78A8 /* DisplayUsersViewController.swift */,
			);
			path = View;
			sourceTree = "<group>";
		};
		1583733F269B424000EB78A8 /* ViewCell */ = {
			isa = PBXGroup;
			children = (
				15837342269B42BC00EB78A8 /* UsersViewCell.swift */,
			);
			path = ViewCell;
			sourceTree = "<group>";
		};
		15837345269B42DF00EB78A8 /* Resources */ = {
			isa = PBXGroup;
			children = (
				15FC747D269B282700761FE3 /* Assets.xcassets */,
				15FC747F269B282700761FE3 /* LaunchScreen.storyboard */,
			);
			path = Resources;
			sourceTree = "<group>";
		};
		15837347269B42EF00EB78A8 /* Configuration */ = {
			isa = PBXGroup;
			children = (
				15FC7482269B282700761FE3 /* Info.plist */,
			);
			path = Configuration;
			sourceTree = "<group>";
		};
		15837348269B79C000EB78A8 /* UsersData */ = {
			isa = PBXGroup;
			children = (
				1583734A269B79DB00EB78A8 /* Model */,
				1583733E269B423A00EB78A8 /* View */,
				15837349269B79D400EB78A8 /* ViewModel */,
			);
			path = UsersData;
			sourceTree = "<group>";
		};
		15837349269B79D400EB78A8 /* ViewModel */ = {
			isa = PBXGroup;
			children = (
				1583734B269B79F500EB78A8 /* UsersViewModel.swift */,
			);
			path = ViewModel;
			sourceTree = "<group>";
		};
		1583734A269B79DB00EB78A8 /* Model */ = {
			isa = PBXGroup;
			children = (
				1583733C269B3C0600EB78A8 /* UserService.swift */,
			);
			path = Model;
			sourceTree = "<group>";
		};
		15FC7468269B282500761FE3 = {
			isa = PBXGroup;
			children = (
				15FC7473269B282500761FE3 /* SmallDemo */,
				15FC7472269B282500761FE3 /* Products */,
				95FED08A6F31A67E99EC4145 /* Pods */,
				765CF73AEDF16BCC31FE9751 /* Frameworks */,
			);
			sourceTree = "<group>";
		};
		15FC7472269B282500761FE3 /* Products */ = {
			isa = PBXGroup;
			children = (
				15FC7471269B282500761FE3 /* SmallDemo.app */,
			);
			name = Products;
			sourceTree = "<group>";
		};
		15FC7473269B282500761FE3 /* SmallDemo */ = {
			isa = PBXGroup;
			children = (
				15837335269B34CB00EB78A8 /* Core */,
				15837339269B36E700EB78A8 /* APIServices */,
				15837336269B34D700EB78A8 /* UsersModel */,
				15837348269B79C000EB78A8 /* UsersData */,
				15837345269B42DF00EB78A8 /* Resources */,
				15837347269B42EF00EB78A8 /* Configuration */,
			);
			path = SmallDemo;
			sourceTree = "<group>";
		};
		765CF73AEDF16BCC31FE9751 /* Frameworks */ = {
			isa = PBXGroup;
			children = (
				F145E603417FE884058637C1 /* Pods_SmallDemo.framework */,
			);
			name = Frameworks;
			sourceTree = "<group>";
		};
		95FED08A6F31A67E99EC4145 /* Pods */ = {
			isa = PBXGroup;
			children = (
				047E939E483715CD6C455CB9 /* Pods-SmallDemo.debug.xcconfig */,
				287E91DB61D35BCE3F7FA8DF /* Pods-SmallDemo.release.xcconfig */,
			);
			path = Pods;
			sourceTree = "<group>";
		};
/* End PBXGroup section */

/* Begin PBXNativeTarget section */
		15FC7470269B282500761FE3 /* SmallDemo */ = {
			isa = PBXNativeTarget;
			buildConfigurationList = 15FC7485269B282700761FE3 /* Build configuration list for PBXNativeTarget "SmallDemo" */;
			buildPhases = (
				AECE155845A7755187C2ED29 /* [CP] Check Pods Manifest.lock */,
				15FC746D269B282500761FE3 /* Sources */,
				15FC746E269B282500761FE3 /* Frameworks */,
				15FC746F269B282500761FE3 /* Resources */,
				A15AF40C3535E3C85CC4D890 /* [CP] Embed Pods Frameworks */,
			);
			buildRules = (
			);
			dependencies = (
			);
			name = SmallDemo;
			productName = SmallDemo;
			productReference = 15FC7471269B282500761FE3 /* SmallDemo.app */;
			productType = "com.apple.product-type.application";
		};
/* End PBXNativeTarget section */

/* Begin PBXProject section */
		15FC7469269B282500761FE3 /* Project object */ = {
			isa = PBXProject;
			attributes = {
				BuildIndependentTargetsInParallel = 1;
				LastSwiftUpdateCheck = 1300;
				LastUpgradeCheck = 1300;
				TargetAttributes = {
					15FC7470269B282500761FE3 = {
						CreatedOnToolsVersion = 13.0;
					};
				};
			};
			buildConfigurationList = 15FC746C269B282500761FE3 /* Build configuration list for PBXProject "SmallDemo" */;
			compatibilityVersion = "Xcode 13.0";
			developmentRegion = en;
			hasScannedForEncodings = 0;
			knownRegions = (
				en,
				Base,
			);
			mainGroup = 15FC7468269B282500761FE3;
			productRefGroup = 15FC7472269B282500761FE3 /* Products */;
			projectDirPath = "";
			projectRoot = "";
			targets = (
				15FC7470269B282500761FE3 /* SmallDemo */,
			);
		};
/* End PBXProject section */

/* Begin PBXResourcesBuildPhase section */
		15FC746F269B282500761FE3 /* Resources */ = {
			isa = PBXResourcesBuildPhase;
			buildActionMask = 2147483647;
			files = (
				15FC7481269B282700761FE3 /* LaunchScreen.storyboard in Resources */,
				15FC747E269B282700761FE3 /* Assets.xcassets in Resources */,
			);
			runOnlyForDeploymentPostprocessing = 0;
		};
/* End PBXResourcesBuildPhase section */

/* Begin PBXShellScriptBuildPhase section */
		A15AF40C3535E3C85CC4D890 /* [CP] Embed Pods Frameworks */ = {
			isa = PBXShellScriptBuildPhase;
			buildActionMask = 2147483647;
			files = (
			);
			inputFileListPaths = (
				"${PODS_ROOT}/Target Support Files/Pods-SmallDemo/Pods-SmallDemo-frameworks-${CONFIGURATION}-input-files.xcfilelist",
			);
			name = "[CP] Embed Pods Frameworks";
			outputFileListPaths = (
				"${PODS_ROOT}/Target Support Files/Pods-SmallDemo/Pods-SmallDemo-frameworks-${CONFIGURATION}-output-files.xcfilelist",
			);
			runOnlyForDeploymentPostprocessing = 0;
			shellPath = /bin/sh;
			shellScript = "\"${PODS_ROOT}/Target Support Files/Pods-SmallDemo/Pods-SmallDemo-frameworks.sh\"\n";
			showEnvVarsInLog = 0;
		};
		AECE155845A7755187C2ED29 /* [CP] Check Pods Manifest.lock */ = {
			isa = PBXShellScriptBuildPhase;
			buildActionMask = 2147483647;
			files = (
			);
			inputFileListPaths = (
			);
			inputPaths = (
				"${PODS_PODFILE_DIR_PATH}/Podfile.lock",
				"${PODS_ROOT}/Manifest.lock",
			);
			name = "[CP] Check Pods Manifest.lock";
			outputFileListPaths = (
			);
			outputPaths = (
				"$(DERIVED_FILE_DIR)/Pods-SmallDemo-checkManifestLockResult.txt",
			);
			runOnlyForDeploymentPostprocessing = 0;
			shellPath = /bin/sh;
			shellScript = "diff \"${PODS_PODFILE_DIR_PATH}/Podfile.lock\" \"${PODS_ROOT}/Manifest.lock\" > /dev/null\nif [ $? != 0 ] ; then\n    # print error to STDERR\n    echo \"error: The sandbox is not in sync with the Podfile.lock. Run 'pod install' or update your CocoaPods installation.\" >&2\n    exit 1\nfi\n# This output is used by Xcode 'outputs' to avoid re-running this script phase.\necho \"SUCCESS\" > \"${SCRIPT_OUTPUT_FILE_0}\"\n";
			showEnvVarsInLog = 0;
		};
/* End PBXShellScriptBuildPhase section */

/* Begin PBXSourcesBuildPhase section */
		15FC746D269B282500761FE3 /* Sources */ = {
			isa = PBXSourcesBuildPhase;
			buildActionMask = 2147483647;
			files = (
				1583733B269B36FB00EB78A8 /* APIServices.swift in Sources */,
				1583733D269B3C0600EB78A8 /* UserService.swift in Sources */,
				15FC7475269B282500761FE3 /* AppDelegate.swift in Sources */,
				15837338269B350300EB78A8 /* UsersModel.swift in Sources */,
				15837343269B42BC00EB78A8 /* UsersViewCell.swift in Sources */,
				1583734C269B79F500EB78A8 /* UsersViewModel.swift in Sources */,
				15837341269B429500EB78A8 /* DisplayUsersViewController.swift in Sources */,
				15FC7477269B282500761FE3 /* SceneDelegate.swift in Sources */,
			);
			runOnlyForDeploymentPostprocessing = 0;
		};
/* End PBXSourcesBuildPhase section */

/* Begin PBXVariantGroup section */
		15FC747F269B282700761FE3 /* LaunchScreen.storyboard */ = {
			isa = PBXVariantGroup;
			children = (
				15FC7480269B282700761FE3 /* Base */,
			);
			name = LaunchScreen.storyboard;
			sourceTree = "<group>";
		};
/* End PBXVariantGroup section */

/* Begin XCBuildConfiguration section */
		15FC7483269B282700761FE3 /* Debug */ = {
			isa = XCBuildConfiguration;
			buildSettings = {
				ALWAYS_SEARCH_USER_PATHS = NO;
				CLANG_ANALYZER_NONNULL = YES;
				CLANG_ANALYZER_NUMBER_OBJECT_CONVERSION = YES_AGGRESSIVE;
				CLANG_CXX_LANGUAGE_STANDARD = "gnu++14";
				CLANG_CXX_LIBRARY = "libc++";
				CLANG_ENABLE_MODULES = YES;
				CLANG_ENABLE_OBJC_ARC = YES;
				CLANG_ENABLE_OBJC_WEAK = YES;
				CLANG_WARN_BLOCK_CAPTURE_AUTORELEASING = YES;
				CLANG_WARN_BOOL_CONVERSION = YES;
				CLANG_WARN_COMMA = YES;
				CLANG_WARN_CONSTANT_CONVERSION = YES;
				CLANG_WARN_DEPRECATED_OBJC_IMPLEMENTATIONS = YES;
				CLANG_WARN_DIRECT_OBJC_ISA_USAGE = YES_ERROR;
				CLANG_WARN_DOCUMENTATION_COMMENTS = YES;
				CLANG_WARN_EMPTY_BODY = YES;
				CLANG_WARN_ENUM_CONVERSION = YES;
				CLANG_WARN_INFINITE_RECURSION = YES;
				CLANG_WARN_INT_CONVERSION = YES;
				CLANG_WARN_NON_LITERAL_NULL_CONVERSION = YES;
				CLANG_WARN_OBJC_IMPLICIT_RETAIN_SELF = YES;
				CLANG_WARN_OBJC_LITERAL_CONVERSION = YES;
				CLANG_WARN_OBJC_ROOT_CLASS = YES_ERROR;
				CLANG_WARN_QUOTED_INCLUDE_IN_FRAMEWORK_HEADER = YES;
				CLANG_WARN_RANGE_LOOP_ANALYSIS = YES;
				CLANG_WARN_STRICT_PROTOTYPES = YES;
				CLANG_WARN_SUSPICIOUS_MOVE = YES;
				CLANG_WARN_UNGUARDED_AVAILABILITY = YES_AGGRESSIVE;
				CLANG_WARN_UNREACHABLE_CODE = YES;
				CLANG_WARN__DUPLICATE_METHOD_MATCH = YES;
				COPY_PHASE_STRIP = NO;
				DEBUG_INFORMATION_FORMAT = dwarf;
				ENABLE_STRICT_OBJC_MSGSEND = YES;
				ENABLE_TESTABILITY = YES;
				GCC_C_LANGUAGE_STANDARD = gnu11;
				GCC_DYNAMIC_NO_PIC = NO;
				GCC_NO_COMMON_BLOCKS = YES;
				GCC_OPTIMIZATION_LEVEL = 0;
				GCC_PREPROCESSOR_DEFINITIONS = (
					"DEBUG=1",
					"$(inherited)",
				);
				GCC_WARN_64_TO_32_BIT_CONVERSION = YES;
				GCC_WARN_ABOUT_RETURN_TYPE = YES_ERROR;
				GCC_WARN_UNDECLARED_SELECTOR = YES;
				GCC_WARN_UNINITIALIZED_AUTOS = YES_AGGRESSIVE;
				GCC_WARN_UNUSED_FUNCTION = YES;
				GCC_WARN_UNUSED_VARIABLE = YES;
				IPHONEOS_DEPLOYMENT_TARGET = 15.0;
				MTL_ENABLE_DEBUG_INFO = INCLUDE_SOURCE;
				MTL_FAST_MATH = YES;
				ONLY_ACTIVE_ARCH = YES;
				SDKROOT = iphoneos;
				SWIFT_ACTIVE_COMPILATION_CONDITIONS = DEBUG;
				SWIFT_OPTIMIZATION_LEVEL = "-Onone";
			};
			name = Debug;
		};
		15FC7484269B282700761FE3 /* Release */ = {
			isa = XCBuildConfiguration;
			buildSettings = {
				ALWAYS_SEARCH_USER_PATHS = NO;
				CLANG_ANALYZER_NONNULL = YES;
				CLANG_ANALYZER_NUMBER_OBJECT_CONVERSION = YES_AGGRESSIVE;
				CLANG_CXX_LANGUAGE_STANDARD = "gnu++14";
				CLANG_CXX_LIBRARY = "libc++";
				CLANG_ENABLE_MODULES = YES;
				CLANG_ENABLE_OBJC_ARC = YES;
				CLANG_ENABLE_OBJC_WEAK = YES;
				CLANG_WARN_BLOCK_CAPTURE_AUTORELEASING = YES;
				CLANG_WARN_BOOL_CONVERSION = YES;
				CLANG_WARN_COMMA = YES;
				CLANG_WARN_CONSTANT_CONVERSION = YES;
				CLANG_WARN_DEPRECATED_OBJC_IMPLEMENTATIONS = YES;
				CLANG_WARN_DIRECT_OBJC_ISA_USAGE = YES_ERROR;
				CLANG_WARN_DOCUMENTATION_COMMENTS = YES;
				CLANG_WARN_EMPTY_BODY = YES;
				CLANG_WARN_ENUM_CONVERSION = YES;
				CLANG_WARN_INFINITE_RECURSION = YES;
				CLANG_WARN_INT_CONVERSION = YES;
				CLANG_WARN_NON_LITERAL_NULL_CONVERSION = YES;
				CLANG_WARN_OBJC_IMPLICIT_RETAIN_SELF = YES;
				CLANG_WARN_OBJC_LITERAL_CONVERSION = YES;
				CLANG_WARN_OBJC_ROOT_CLASS = YES_ERROR;
				CLANG_WARN_QUOTED_INCLUDE_IN_FRAMEWORK_HEADER = YES;
				CLANG_WARN_RANGE_LOOP_ANALYSIS = YES;
				CLANG_WARN_STRICT_PROTOTYPES = YES;
				CLANG_WARN_SUSPICIOUS_MOVE = YES;
				CLANG_WARN_UNGUARDED_AVAILABILITY = YES_AGGRESSIVE;
				CLANG_WARN_UNREACHABLE_CODE = YES;
				CLANG_WARN__DUPLICATE_METHOD_MATCH = YES;
				COPY_PHASE_STRIP = NO;
				DEBUG_INFORMATION_FORMAT = "dwarf-with-dsym";
				ENABLE_NS_ASSERTIONS = NO;
				ENABLE_STRICT_OBJC_MSGSEND = YES;
				GCC_C_LANGUAGE_STANDARD = gnu11;
				GCC_NO_COMMON_BLOCKS = YES;
				GCC_WARN_64_TO_32_BIT_CONVERSION = YES;
				GCC_WARN_ABOUT_RETURN_TYPE = YES_ERROR;
				GCC_WARN_UNDECLARED_SELECTOR = YES;
				GCC_WARN_UNINITIALIZED_AUTOS = YES_AGGRESSIVE;
				GCC_WARN_UNUSED_FUNCTION = YES;
				GCC_WARN_UNUSED_VARIABLE = YES;
				IPHONEOS_DEPLOYMENT_TARGET = 15.0;
				MTL_ENABLE_DEBUG_INFO = NO;
				MTL_FAST_MATH = YES;
				SDKROOT = iphoneos;
				SWIFT_COMPILATION_MODE = wholemodule;
				SWIFT_OPTIMIZATION_LEVEL = "-O";
				VALIDATE_PRODUCT = YES;
			};
			name = Release;
		};
		15FC7486269B282700761FE3 /* Debug */ = {
			isa = XCBuildConfiguration;
			baseConfigurationReference = 047E939E483715CD6C455CB9 /* Pods-SmallDemo.debug.xcconfig */;
			buildSettings = {
				ASSETCATALOG_COMPILER_APPICON_NAME = AppIcon;
				ASSETCATALOG_COMPILER_GLOBAL_ACCENT_COLOR_NAME = AccentColor;
				CODE_SIGN_STYLE = Automatic;
				CURRENT_PROJECT_VERSION = 1;
				DEVELOPMENT_TEAM = M4SYRBQBFW;
				GENERATE_INFOPLIST_FILE = YES;
				INFOPLIST_FILE = SmallDemo/Configuration/Info.plist;
				INFOPLIST_KEY_CFBundleExecutable = SmallDemo;
				INFOPLIST_KEY_CFBundleName = SmallDemo;
				INFOPLIST_KEY_CFBundleVersion = 1;
				INFOPLIST_KEY_UIApplicationSupportsIndirectInputEvents = YES;
				INFOPLIST_KEY_UILaunchStoryboardName = LaunchScreen;
				INFOPLIST_KEY_UISupportedInterfaceOrientations_iPad = "UIInterfaceOrientationPortrait UIInterfaceOrientationPortraitUpsideDown UIInterfaceOrientationLandscapeLeft UIInterfaceOrientationLandscapeRight";
				INFOPLIST_KEY_UISupportedInterfaceOrientations_iPhone = "UIInterfaceOrientationPortrait UIInterfaceOrientationLandscapeLeft UIInterfaceOrientationLandscapeRight";
				LD_RUNPATH_SEARCH_PATHS = (
					"$(inherited)",
					"@executable_path/Frameworks",
				);
				MARKETING_VERSION = 1.0;
				PRODUCT_BUNDLE_IDENTIFIER = AhmedAmin.com.SmallDemo;
				PRODUCT_NAME = "$(TARGET_NAME)";
				SWIFT_EMIT_LOC_STRINGS = YES;
				SWIFT_VERSION = 5.0;
				TARGETED_DEVICE_FAMILY = 1;
			};
			name = Debug;
		};
		15FC7487269B282700761FE3 /* Release */ = {
			isa = XCBuildConfiguration;
			baseConfigurationReference = 287E91DB61D35BCE3F7FA8DF /* Pods-SmallDemo.release.xcconfig */;
			buildSettings = {
				ASSETCATALOG_COMPILER_APPICON_NAME = AppIcon;
				ASSETCATALOG_COMPILER_GLOBAL_ACCENT_COLOR_NAME = AccentColor;
				CODE_SIGN_STYLE = Automatic;
				CURRENT_PROJECT_VERSION = 1;
				DEVELOPMENT_TEAM = M4SYRBQBFW;
				GENERATE_INFOPLIST_FILE = YES;
				INFOPLIST_FILE = SmallDemo/Configuration/Info.plist;
				INFOPLIST_KEY_CFBundleExecutable = SmallDemo;
				INFOPLIST_KEY_CFBundleName = SmallDemo;
				INFOPLIST_KEY_CFBundleVersion = 1;
				INFOPLIST_KEY_UIApplicationSupportsIndirectInputEvents = YES;
				INFOPLIST_KEY_UILaunchStoryboardName = LaunchScreen;
				INFOPLIST_KEY_UISupportedInterfaceOrientations_iPad = "UIInterfaceOrientationPortrait UIInterfaceOrientationPortraitUpsideDown UIInterfaceOrientationLandscapeLeft UIInterfaceOrientationLandscapeRight";
				INFOPLIST_KEY_UISupportedInterfaceOrientations_iPhone = "UIInterfaceOrientationPortrait UIInterfaceOrientationLandscapeLeft UIInterfaceOrientationLandscapeRight";
				LD_RUNPATH_SEARCH_PATHS = (
					"$(inherited)",
					"@executable_path/Frameworks",
				);
				MARKETING_VERSION = 1.0;
				PRODUCT_BUNDLE_IDENTIFIER = AhmedAmin.com.SmallDemo;
				PRODUCT_NAME = "$(TARGET_NAME)";
				SWIFT_EMIT_LOC_STRINGS = YES;
				SWIFT_VERSION = 5.0;
				TARGETED_DEVICE_FAMILY = 1;
			};
			name = Release;
		};
/* End XCBuildConfiguration section */

/* Begin XCConfigurationList section */
		15FC746C269B282500761FE3 /* Build configuration list for PBXProject "SmallDemo" */ = {
			isa = XCConfigurationList;
			buildConfigurations = (
				15FC7483269B282700761FE3 /* Debug */,
				15FC7484269B282700761FE3 /* Release */,
			);
			defaultConfigurationIsVisible = 0;
			defaultConfigurationName = Release;
		};
		15FC7485269B282700761FE3 /* Build configuration list for PBXNativeTarget "SmallDemo" */ = {
			isa = XCConfigurationList;
			buildConfigurations = (
				15FC7486269B282700761FE3 /* Debug */,
				15FC7487269B282700761FE3 /* Release */,
			);
			defaultConfigurationIsVisible = 0;
			defaultConfigurationName = Release;
		};
/* End XCConfigurationList section */
	};
	rootObject = 15FC7469269B282500761FE3 /* Project object */;
}
